<?xml version="1.0" encoding="utf-8"?>
<Project ToolsVersion="4.0" xmlns="http://schemas.microsoft.com/developer/msbuild/2003">
  <ItemGroup>
    <Filter Include="Source Files">
      <UniqueIdentifier>{4FC737F1-C7A5-4376-A066-2A32D752A2FF}</UniqueIdentifier>
      <Extensions>cpp;c;cc;cxx;c++;cppm;ixx;def;odl;idl;hpj;bat;asm;asmx</Extensions>
    </Filter>
    <Filter Include="Header Files">
      <UniqueIdentifier>{93995380-89BD-4b04-88EB-625FBE52EBFB}</UniqueIdentifier>
      <Extensions>h;hh;hpp;hxx;h++;hm;inl;inc;ipp;xsd</Extensions>
    </Filter>
    <Filter Include="Resource Files">
      <UniqueIdentifier>{67DA6AB6-F800-4c08-8B7A-83BB121AAD01}</UniqueIdentifier>
      <Extensions>rc;ico;cur;bmp;dlg;rc2;rct;bin;rgs;gif;jpg;jpeg;jpe;resx;tiff;tif;png;wav;mfcribbon-ms</Extensions>
    </Filter>
    <Filter Include="Header Files\Core">
      <UniqueIdentifier>{4464fb54-ceed-4519-86d5-d4388d2422c1}</UniqueIdentifier>
    </Filter>
    <Filter Include="Header Files\Commands">
      <UniqueIdentifier>{fd7bbfcc-9393-4c44-bef8-f4c265fab9b9}</UniqueIdentifier>
    </Filter>
    <Filter Include="Header Files\Exceptions">
      <UniqueIdentifier>{abb0fc10-ce6e-4915-bbb2-cbee81951a03}</UniqueIdentifier>
    </Filter>
    <Filter Include="Source Files\Core">
      <UniqueIdentifier>{91bff3e3-5b5e-4389-b6c1-19baddbff813}</UniqueIdentifier>
    </Filter>
    <Filter Include="Source Files\Commands">
      <UniqueIdentifier>{725cb4a8-e8f7-4e92-a227-5ecc5c238114}</UniqueIdentifier>
    </Filter>
    <Filter Include="Source Files\Exceptions">
      <UniqueIdentifier>{e8bbc3c5-03f5-4771-b745-a7bb37141655}</UniqueIdentifier>
    </Filter>
    <Filter Include="Header Files\Users">
      <UniqueIdentifier>{8e83e2c9-9a86-4b51-80d2-eb9c5872493c}</UniqueIdentifier>
    </Filter>
    <Filter Include="Header Files\Validators">
      <UniqueIdentifier>{1b298e2c-a7b9-4bb1-aa52-0c9cabf02743}</UniqueIdentifier>
    </Filter>
    <Filter Include="Source Files\Validators">
      <UniqueIdentifier>{637e2bfa-d6b3-4a87-af36-47262b3f0faa}</UniqueIdentifier>
    </Filter>
    <Filter Include="Source Files\Users">
      <UniqueIdentifier>{2c4b3658-b7bc-49c2-b0d7-e2821cea7398}</UniqueIdentifier>
    </Filter>
    <Filter Include="Header Files\Discounts">
      <UniqueIdentifier>{17e954b6-eb1b-4cdd-bc82-92442fb4a157}</UniqueIdentifier>
    </Filter>
    <Filter Include="Source Files\Discounts">
      <UniqueIdentifier>{58bfbd2d-9658-4497-9295-25d5ac91e9a2}</UniqueIdentifier>
    </Filter>
  </ItemGroup>
  <ItemGroup>
    <ClCompile Include="StartUp.cpp">
      <Filter>Source Files</Filter>
    </ClCompile>
    <ClCompile Include="Engine.cpp">
      <Filter>Source Files\Core</Filter>
    </ClCompile>
    <ClCompile Include="LoginCommand.cpp">
      <Filter>Source Files\Commands</Filter>
    </ClCompile>
    <ClCompile Include="CommandParseException.cpp">
      <Filter>Source Files\Exceptions</Filter>
    </ClCompile>
    <ClCompile Include="UserCredentialsValidator.cpp">
      <Filter>Source Files\Validators</Filter>
    </ClCompile>
    <ClCompile Include="User.cpp">
      <Filter>Source Files\Users</Filter>
    </ClCompile>
    <ClCompile Include="Buyer.cpp">
      <Filter>Source Files\Users</Filter>
    </ClCompile>
    <ClCompile Include="Admin.cpp">
      <Filter>Source Files\Users</Filter>
    </ClCompile>
    <ClCompile Include="SaveToFileVisitor.cpp">
      <Filter>Source Files\Users</Filter>
    </ClCompile>
    <ClCompile Include="PasswordHasher.cpp">
      <Filter>Source Files\Validators</Filter>
    </ClCompile>
    <ClCompile Include="Review.cpp">
      <Filter>Source Files</Filter>
    </ClCompile>
    <ClCompile Include="TextValidator.cpp">
      <Filter>Source Files\Validators</Filter>
    </ClCompile>
    <ClCompile Include="ReviewValidator.cpp">
      <Filter>Source Files\Validators</Filter>
    </ClCompile>
    <ClCompile Include="FragranceValidator.cpp">
      <Filter>Source Files\Validators</Filter>
    </ClCompile>
    <ClCompile Include="Fragrance.cpp">
      <Filter>Source Files</Filter>
    </ClCompile>
    <ClCompile Include="DiscountValidator.cpp">
      <Filter>Source Files\Validators</Filter>
    </ClCompile>
    <ClCompile Include="Discount.cpp">
      <Filter>Source Files\Discounts</Filter>
    </ClCompile>
    <ClCompile Include="BonusDiscount.cpp">
      <Filter>Source Files\Discounts</Filter>
    </ClCompile>
    <ClCompile Include="BrandDiscount.cpp">
      <Filter>Source Files\Discounts</Filter>
    </ClCompile>
  </ItemGroup>
  <ItemGroup>
    <ClInclude Include="Engine.h">
      <Filter>Header Files\Core</Filter>
    </ClInclude>
    <ClInclude Include="Command.h">
      <Filter>Header Files\Commands</Filter>
    </ClInclude>
    <ClInclude Include="LoginCommand.h">
      <Filter>Header Files\Commands</Filter>
    </ClInclude>
    <ClInclude Include="CommandParseException.h">
      <Filter>Header Files\Exceptions</Filter>
    </ClInclude>
    <ClInclude Include="UserCredentialsValidator.h">
      <Filter>Header Files\Validators</Filter>
    </ClInclude>
    <ClInclude Include="User.h">
      <Filter>Header Files\Users</Filter>
    </ClInclude>
    <ClInclude Include="UserVisitor.h">
      <Filter>Header Files\Users</Filter>
    </ClInclude>
    <ClInclude Include="Buyer.h">
      <Filter>Header Files\Users</Filter>
    </ClInclude>
    <ClInclude Include="Admin.h">
      <Filter>Header Files\Users</Filter>
    </ClInclude>
    <ClInclude Include="SaveToFileVisitor.h">
      <Filter>Header Files\Users</Filter>
    </ClInclude>
    <ClInclude Include="PasswordHasher.h">
      <Filter>Header Files\Validators</Filter>
    </ClInclude>
    <ClInclude Include="Review.h">
      <Filter>Header Files</Filter>
    </ClInclude>
    <ClInclude Include="TextValidator.h">
      <Filter>Header Files\Validators</Filter>
    </ClInclude>
    <ClInclude Include="ReviewValidator.h">
      <Filter>Header Files\Validators</Filter>
    </ClInclude>
    <ClInclude Include="FragranceValidator.h">
      <Filter>Header Files\Validators</Filter>
    </ClInclude>
    <ClInclude Include="Fragrance.h">
      <Filter>Header Files</Filter>
    </ClInclude>
    <ClInclude Include="DiscountValidator.h">
      <Filter>Header Files\Validators</Filter>
    </ClInclude>
    <ClInclude Include="Discount.h">
      <Filter>Header Files\Discounts</Filter>
    </ClInclude>
    <ClInclude Include="BonusDiscount.h">
      <Filter>Header Files\Discounts</Filter>
    </ClInclude>
    <ClInclude Include="BrandDiscount.h">
      <Filter>Header Files\Discounts</Filter>
    </ClInclude>
  </ItemGroup>
</Project>